// !$*UTF8*$!
{
	archiveVersion = 1;
	classes = {
	};
	objectVersion = 56;
	objects = {

/* Begin PBXBuildFile section */
		2E5AFF6F2ADCA9F8002749AE /* uploadPhotoClass.swift in Sources */ = {isa = PBXBuildFile; fileRef = 2E5AFF6E2ADCA9F8002749AE /* uploadPhotoClass.swift */; };
		2E66F5412AB7EAC400DDA178 /* AppDelegate.swift in Sources */ = {isa = PBXBuildFile; fileRef = 2E66F5402AB7EAC400DDA178 /* AppDelegate.swift */; };
		2E66F5432AB7EAC400DDA178 /* SceneDelegate.swift in Sources */ = {isa = PBXBuildFile; fileRef = 2E66F5422AB7EAC400DDA178 /* SceneDelegate.swift */; };
		2E66F5482AB7EAC400DDA178 /* Main.storyboard in Resources */ = {isa = PBXBuildFile; fileRef = 2E66F5462AB7EAC400DDA178 /* Main.storyboard */; };
		2E66F54A2AB7EAC500DDA178 /* Assets.xcassets in Resources */ = {isa = PBXBuildFile; fileRef = 2E66F5492AB7EAC500DDA178 /* Assets.xcassets */; };
		2E66F54D2AB7EAC500DDA178 /* LaunchScreen.storyboard in Resources */ = {isa = PBXBuildFile; fileRef = 2E66F54B2AB7EAC500DDA178 /* LaunchScreen.storyboard */; };
		2E66F5562AB7EB1300DDA178 /* InitialHomeViewController.swift in Sources */ = {isa = PBXBuildFile; fileRef = 2E66F5552AB7EB1300DDA178 /* InitialHomeViewController.swift */; };
		2E66F5582AB7EB7300DDA178 /* SignUpViewController.swift in Sources */ = {isa = PBXBuildFile; fileRef = 2E66F5572AB7EB7300DDA178 /* SignUpViewController.swift */; };
		2E66F55A2AB7EB8B00DDA178 /* LoginViewController.swift in Sources */ = {isa = PBXBuildFile; fileRef = 2E66F5592AB7EB8B00DDA178 /* LoginViewController.swift */; };
		2E66F55C2AB7EBB200DDA178 /* MainHomeViewController.swift in Sources */ = {isa = PBXBuildFile; fileRef = 2E66F55B2AB7EBB200DDA178 /* MainHomeViewController.swift */; };
		2E808FB72ABF357700E9E258 /* Constants.swift in Sources */ = {isa = PBXBuildFile; fileRef = 2E808FB62ABF357700E9E258 /* Constants.swift */; };
		2E8145FF2ADB2D0800E89A26 /* UploadCell.swift in Sources */ = {isa = PBXBuildFile; fileRef = 2E8145FE2ADB2D0800E89A26 /* UploadCell.swift */; };
		2E8184972AC6320F005771C7 /* CorrectFormat.swift in Sources */ = {isa = PBXBuildFile; fileRef = 2E8184962AC6320F005771C7 /* CorrectFormat.swift */; };
		2E829CA82AFB0A7100309F55 /* PhotosCollectionVC.swift in Sources */ = {isa = PBXBuildFile; fileRef = 2E829CA72AFB0A7100309F55 /* PhotosCollectionVC.swift */; };
		2E829CAA2AFB25D300309F55 /* PhotoStruct.swift in Sources */ = {isa = PBXBuildFile; fileRef = 2E829CA92AFB25D300309F55 /* PhotoStruct.swift */; };
		2E83CF8A2ADB654B0016BB3E /* photoFile.swift in Sources */ = {isa = PBXBuildFile; fileRef = 2E83CF892ADB654B0016BB3E /* photoFile.swift */; };
		2E83CF8E2ADB74E50016BB3E /* PhotoDescriptionVC.swift in Sources */ = {isa = PBXBuildFile; fileRef = 2E83CF8D2ADB74E50016BB3E /* PhotoDescriptionVC.swift */; };
		2E8475402AC4FB1B008304DC /* CreateFolderViewController.swift in Sources */ = {isa = PBXBuildFile; fileRef = 2E84753F2AC4FB1B008304DC /* CreateFolderViewController.swift */; };
		2E88CA9F2AF81AF70032416E /* FolderCell.swift in Sources */ = {isa = PBXBuildFile; fileRef = 2E88CA9E2AF81AF70032416E /* FolderCell.swift */; };
		2EB62A5D2ABA50BF00944875 /* Utilities.swift in Sources */ = {isa = PBXBuildFile; fileRef = 2EB62A5C2ABA50BF00944875 /* Utilities.swift */; };
		2EC9DE112AEDEA54004D2CA4 /* ViewController+Utils.swift in Sources */ = {isa = PBXBuildFile; fileRef = 2EC9DE102AEDEA54004D2CA4 /* ViewController+Utils.swift */; };
		2ED6E5F22ABBC61000A538B1 /* GoogleService-Info.plist in Resources */ = {isa = PBXBuildFile; fileRef = 2ED6E5F12ABBC61000A538B1 /* GoogleService-Info.plist */; };
		2ED6E5F52ABBC8DE00A538B1 /* FirebaseAuth in Frameworks */ = {isa = PBXBuildFile; productRef = 2ED6E5F42ABBC8DE00A538B1 /* FirebaseAuth */; };
		2ED6E5F72ABBC8DE00A538B1 /* FirebaseDatabase in Frameworks */ = {isa = PBXBuildFile; productRef = 2ED6E5F62ABBC8DE00A538B1 /* FirebaseDatabase */; };
		2ED6E5F92ABBC8DE00A538B1 /* FirebaseFirestore in Frameworks */ = {isa = PBXBuildFile; productRef = 2ED6E5F82ABBC8DE00A538B1 /* FirebaseFirestore */; };
		2ED6E5FB2ABBC8DE00A538B1 /* FirebaseFunctions in Frameworks */ = {isa = PBXBuildFile; productRef = 2ED6E5FA2ABBC8DE00A538B1 /* FirebaseFunctions */; };
		2ED6E5FD2ABBC8DE00A538B1 /* FirebaseStorage in Frameworks */ = {isa = PBXBuildFile; productRef = 2ED6E5FC2ABBC8DE00A538B1 /* FirebaseStorage */; };
		2EE4EF8C2AD2358E0038BE67 /* UploadPhotoVC.swift in Sources */ = {isa = PBXBuildFile; fileRef = 2EE4EF8B2AD2358E0038BE67 /* UploadPhotoVC.swift */; };
		2EE4EF8E2AD235C20038BE67 /* TakePhotoVC.swift in Sources */ = {isa = PBXBuildFile; fileRef = 2EE4EF8D2AD235C20038BE67 /* TakePhotoVC.swift */; };
		2EFCC5432AE890500059B14E /* UIResponder+Utils.swift in Sources */ = {isa = PBXBuildFile; fileRef = 2EFCC5422AE890500059B14E /* UIResponder+Utils.swift */; };
/* End PBXBuildFile section */

/* Begin PBXFileReference section */
		2E5AFF6E2ADCA9F8002749AE /* uploadPhotoClass.swift */ = {isa = PBXFileReference; lastKnownFileType = sourcecode.swift; path = uploadPhotoClass.swift; sourceTree = "<group>"; };
		2E66F53D2AB7EAC400DDA178 /* PhotoStoreHouseV1.app */ = {isa = PBXFileReference; explicitFileType = wrapper.application; includeInIndex = 0; path = PhotoStoreHouseV1.app; sourceTree = BUILT_PRODUCTS_DIR; };
		2E66F5402AB7EAC400DDA178 /* AppDelegate.swift */ = {isa = PBXFileReference; lastKnownFileType = sourcecode.swift; path = AppDelegate.swift; sourceTree = "<group>"; };
		2E66F5422AB7EAC400DDA178 /* SceneDelegate.swift */ = {isa = PBXFileReference; lastKnownFileType = sourcecode.swift; path = SceneDelegate.swift; sourceTree = "<group>"; };
		2E66F5472AB7EAC400DDA178 /* Base */ = {isa = PBXFileReference; lastKnownFileType = file.storyboard; name = Base; path = Base.lproj/Main.storyboard; sourceTree = "<group>"; };
		2E66F5492AB7EAC500DDA178 /* Assets.xcassets */ = {isa = PBXFileReference; lastKnownFileType = folder.assetcatalog; path = Assets.xcassets; sourceTree = "<group>"; };
		2E66F54C2AB7EAC500DDA178 /* Base */ = {isa = PBXFileReference; lastKnownFileType = file.storyboard; name = Base; path = Base.lproj/LaunchScreen.storyboard; sourceTree = "<group>"; };
		2E66F54E2AB7EAC500DDA178 /* Info.plist */ = {isa = PBXFileReference; lastKnownFileType = text.plist.xml; path = Info.plist; sourceTree = "<group>"; };
		2E66F5552AB7EB1300DDA178 /* InitialHomeViewController.swift */ = {isa = PBXFileReference; lastKnownFileType = sourcecode.swift; path = InitialHomeViewController.swift; sourceTree = "<group>"; };
		2E66F5572AB7EB7300DDA178 /* SignUpViewController.swift */ = {isa = PBXFileReference; lastKnownFileType = sourcecode.swift; path = SignUpViewController.swift; sourceTree = "<group>"; };
		2E66F5592AB7EB8B00DDA178 /* LoginViewController.swift */ = {isa = PBXFileReference; lastKnownFileType = sourcecode.swift; path = LoginViewController.swift; sourceTree = "<group>"; };
		2E66F55B2AB7EBB200DDA178 /* MainHomeViewController.swift */ = {isa = PBXFileReference; lastKnownFileType = sourcecode.swift; path = MainHomeViewController.swift; sourceTree = "<group>"; };
		2E808FB62ABF357700E9E258 /* Constants.swift */ = {isa = PBXFileReference; lastKnownFileType = sourcecode.swift; path = Constants.swift; sourceTree = "<group>"; };
		2E8145FE2ADB2D0800E89A26 /* UploadCell.swift */ = {isa = PBXFileReference; lastKnownFileType = sourcecode.swift; path = UploadCell.swift; sourceTree = "<group>"; };
		2E8184962AC6320F005771C7 /* CorrectFormat.swift */ = {isa = PBXFileReference; lastKnownFileType = sourcecode.swift; path = CorrectFormat.swift; sourceTree = "<group>"; };
		2E829CA72AFB0A7100309F55 /* PhotosCollectionVC.swift */ = {isa = PBXFileReference; lastKnownFileType = sourcecode.swift; path = PhotosCollectionVC.swift; sourceTree = "<group>"; };
		2E829CA92AFB25D300309F55 /* PhotoStruct.swift */ = {isa = PBXFileReference; lastKnownFileType = sourcecode.swift; path = PhotoStruct.swift; sourceTree = "<group>"; };
		2E83CF892ADB654B0016BB3E /* photoFile.swift */ = {isa = PBXFileReference; lastKnownFileType = sourcecode.swift; path = photoFile.swift; sourceTree = "<group>"; };
		2E83CF8D2ADB74E50016BB3E /* PhotoDescriptionVC.swift */ = {isa = PBXFileReference; lastKnownFileType = sourcecode.swift; path = PhotoDescriptionVC.swift; sourceTree = "<group>"; };
		2E84753F2AC4FB1B008304DC /* CreateFolderViewController.swift */ = {isa = PBXFileReference; lastKnownFileType = sourcecode.swift; path = CreateFolderViewController.swift; sourceTree = "<group>"; };
		2E88CA9E2AF81AF70032416E /* FolderCell.swift */ = {isa = PBXFileReference; lastKnownFileType = sourcecode.swift; path = FolderCell.swift; sourceTree = "<group>"; };
		2EB62A5C2ABA50BF00944875 /* Utilities.swift */ = {isa = PBXFileReference; lastKnownFileType = sourcecode.swift; path = Utilities.swift; sourceTree = "<group>"; };
		2EC9DE102AEDEA54004D2CA4 /* ViewController+Utils.swift */ = {isa = PBXFileReference; lastKnownFileType = sourcecode.swift; path = "ViewController+Utils.swift"; sourceTree = "<group>"; };
		2ED6E5F12ABBC61000A538B1 /* GoogleService-Info.plist */ = {isa = PBXFileReference; fileEncoding = 4; lastKnownFileType = text.plist.xml; path = "GoogleService-Info.plist"; sourceTree = "<group>"; };
		2EE4EF8B2AD2358E0038BE67 /* UploadPhotoVC.swift */ = {isa = PBXFileReference; lastKnownFileType = sourcecode.swift; path = UploadPhotoVC.swift; sourceTree = "<group>"; };
		2EE4EF8D2AD235C20038BE67 /* TakePhotoVC.swift */ = {isa = PBXFileReference; lastKnownFileType = sourcecode.swift; path = TakePhotoVC.swift; sourceTree = "<group>"; };
		2EFCC5422AE890500059B14E /* UIResponder+Utils.swift */ = {isa = PBXFileReference; lastKnownFileType = sourcecode.swift; path = "UIResponder+Utils.swift"; sourceTree = "<group>"; };
/* End PBXFileReference section */

/* Begin PBXFrameworksBuildPhase section */
		2E66F53A2AB7EAC400DDA178 /* Frameworks */ = {
			isa = PBXFrameworksBuildPhase;
			buildActionMask = 2147483647;
			files = (
				2ED6E5F72ABBC8DE00A538B1 /* FirebaseDatabase in Frameworks */,
				2ED6E5F52ABBC8DE00A538B1 /* FirebaseAuth in Frameworks */,
				2ED6E5F92ABBC8DE00A538B1 /* FirebaseFirestore in Frameworks */,
				2ED6E5FD2ABBC8DE00A538B1 /* FirebaseStorage in Frameworks */,
				2ED6E5FB2ABBC8DE00A538B1 /* FirebaseFunctions in Frameworks */,
			);
			runOnlyForDeploymentPostprocessing = 0;
		};
/* End PBXFrameworksBuildPhase section */

/* Begin PBXGroup section */
		2E66F5342AB7EAC400DDA178 = {
			isa = PBXGroup;
			children = (
				2E66F53F2AB7EAC400DDA178 /* PhotoStoreHouseV1 */,
				2E66F53E2AB7EAC400DDA178 /* Products */,
			);
			sourceTree = "<group>";
		};
		2E66F53E2AB7EAC400DDA178 /* Products */ = {
			isa = PBXGroup;
			children = (
				2E66F53D2AB7EAC400DDA178 /* PhotoStoreHouseV1.app */,
			);
			name = Products;
			sourceTree = "<group>";
		};
		2E66F53F2AB7EAC400DDA178 /* PhotoStoreHouseV1 */ = {
			isa = PBXGroup;
			children = (
				2E66F5402AB7EAC400DDA178 /* AppDelegate.swift */,
				2E66F5422AB7EAC400DDA178 /* SceneDelegate.swift */,
				2E83CF882ADB65080016BB3E /* classes */,
				2E8145FD2ADB2CC500E89A26 /* customCells */,
				2EB62A5B2ABA503400944875 /* Helpers */,
				2E66F5542AB7EAD200DDA178 /* ViewControllers */,
				2E66F5462AB7EAC400DDA178 /* Main.storyboard */,
				2E66F5492AB7EAC500DDA178 /* Assets.xcassets */,
				2E66F54B2AB7EAC500DDA178 /* LaunchScreen.storyboard */,
				2E66F54E2AB7EAC500DDA178 /* Info.plist */,
				2ED6E5F12ABBC61000A538B1 /* GoogleService-Info.plist */,
			);
			path = PhotoStoreHouseV1;
			sourceTree = "<group>";
		};
		2E66F5542AB7EAD200DDA178 /* ViewControllers */ = {
			isa = PBXGroup;
			children = (
				2E84753F2AC4FB1B008304DC /* CreateFolderViewController.swift */,
				2E66F5552AB7EB1300DDA178 /* InitialHomeViewController.swift */,
				2E66F5572AB7EB7300DDA178 /* SignUpViewController.swift */,
				2E66F5592AB7EB8B00DDA178 /* LoginViewController.swift */,
				2E66F55B2AB7EBB200DDA178 /* MainHomeViewController.swift */,
				2E83CF8C2ADB72040016BB3E /* mainHomeViewControllers */,
			);
			path = ViewControllers;
			sourceTree = "<group>";
		};
		2E8145FD2ADB2CC500E89A26 /* customCells */ = {
			isa = PBXGroup;
			children = (
				2E8145FE2ADB2D0800E89A26 /* UploadCell.swift */,
				2E88CA9E2AF81AF70032416E /* FolderCell.swift */,
			);
			path = customCells;
			sourceTree = "<group>";
		};
		2E83CF882ADB65080016BB3E /* classes */ = {
			isa = PBXGroup;
			children = (
				2E83CF892ADB654B0016BB3E /* photoFile.swift */,
				2E5AFF6E2ADCA9F8002749AE /* uploadPhotoClass.swift */,
				2E829CA92AFB25D300309F55 /* PhotoStruct.swift */,
			);
			path = classes;
			sourceTree = "<group>";
		};
		2E83CF8C2ADB72040016BB3E /* mainHomeViewControllers */ = {
			isa = PBXGroup;
			children = (
				2EE4EF8B2AD2358E0038BE67 /* UploadPhotoVC.swift */,
				2EE4EF8D2AD235C20038BE67 /* TakePhotoVC.swift */,
				2E83CF8D2ADB74E50016BB3E /* PhotoDescriptionVC.swift */,
				2E829CA72AFB0A7100309F55 /* PhotosCollectionVC.swift */,
			);
			path = mainHomeViewControllers;
			sourceTree = "<group>";
		};
		2EB62A5B2ABA503400944875 /* Helpers */ = {
			isa = PBXGroup;
			children = (
				2EB62A5C2ABA50BF00944875 /* Utilities.swift */,
				2E808FB62ABF357700E9E258 /* Constants.swift */,
				2E8184962AC6320F005771C7 /* CorrectFormat.swift */,
				2EFCC5422AE890500059B14E /* UIResponder+Utils.swift */,
				2EC9DE102AEDEA54004D2CA4 /* ViewController+Utils.swift */,
			);
			path = Helpers;
			sourceTree = "<group>";
		};
/* End PBXGroup section */

/* Begin PBXNativeTarget section */
		2E66F53C2AB7EAC400DDA178 /* PhotoStoreHouseV1 */ = {
			isa = PBXNativeTarget;
			buildConfigurationList = 2E66F5512AB7EAC500DDA178 /* Build configuration list for PBXNativeTarget "PhotoStoreHouseV1" */;
			buildPhases = (
				2E66F5392AB7EAC400DDA178 /* Sources */,
				2E66F53A2AB7EAC400DDA178 /* Frameworks */,
				2E66F53B2AB7EAC400DDA178 /* Resources */,
			);
			buildRules = (
			);
			dependencies = (
			);
			name = PhotoStoreHouseV1;
			packageProductDependencies = (
				2ED6E5F42ABBC8DE00A538B1 /* FirebaseAuth */,
				2ED6E5F62ABBC8DE00A538B1 /* FirebaseDatabase */,
				2ED6E5F82ABBC8DE00A538B1 /* FirebaseFirestore */,
				2ED6E5FA2ABBC8DE00A538B1 /* FirebaseFunctions */,
				2ED6E5FC2ABBC8DE00A538B1 /* FirebaseStorage */,
			);
			productName = PhotoStoreHouseV1;
			productReference = 2E66F53D2AB7EAC400DDA178 /* PhotoStoreHouseV1.app */;
			productType = "com.apple.product-type.application";
		};
/* End PBXNativeTarget section */

/* Begin PBXProject section */
		2E66F5352AB7EAC400DDA178 /* Project object */ = {
			isa = PBXProject;
			attributes = {
				BuildIndependentTargetsInParallel = 1;
				LastSwiftUpdateCheck = 1420;
				LastUpgradeCheck = 1420;
				TargetAttributes = {
					2E66F53C2AB7EAC400DDA178 = {
						CreatedOnToolsVersion = 14.2;
					};
				};
			};
			buildConfigurationList = 2E66F5382AB7EAC400DDA178 /* Build configuration list for PBXProject "PhotoStoreHouseV1" */;
			compatibilityVersion = "Xcode 14.0";
			developmentRegion = en;
			hasScannedForEncodings = 0;
			knownRegions = (
				en,
				Base,
			);
			mainGroup = 2E66F5342AB7EAC400DDA178;
			packageReferences = (
				2ED6E5F32ABBC8DE00A538B1 /* XCRemoteSwiftPackageReference "firebase-ios-sdk" */,
			);
			productRefGroup = 2E66F53E2AB7EAC400DDA178 /* Products */;
			projectDirPath = "";
			projectRoot = "";
			targets = (
				2E66F53C2AB7EAC400DDA178 /* PhotoStoreHouseV1 */,
			);
		};
/* End PBXProject section */

/* Begin PBXResourcesBuildPhase section */
		2E66F53B2AB7EAC400DDA178 /* Resources */ = {
			isa = PBXResourcesBuildPhase;
			buildActionMask = 2147483647;
			files = (
				2E66F54D2AB7EAC500DDA178 /* LaunchScreen.storyboard in Resources */,
				2ED6E5F22ABBC61000A538B1 /* GoogleService-Info.plist in Resources */,
				2E66F54A2AB7EAC500DDA178 /* Assets.xcassets in Resources */,
				2E66F5482AB7EAC400DDA178 /* Main.storyboard in Resources */,
			);
			runOnlyForDeploymentPostprocessing = 0;
		};
/* End PBXResourcesBuildPhase section */

/* Begin PBXSourcesBuildPhase section */
		2E66F5392AB7EAC400DDA178 /* Sources */ = {
			isa = PBXSourcesBuildPhase;
			buildActionMask = 2147483647;
			files = (
				2E829CA82AFB0A7100309F55 /* PhotosCollectionVC.swift in Sources */,
				2E66F5412AB7EAC400DDA178 /* AppDelegate.swift in Sources */,
				2EE4EF8C2AD2358E0038BE67 /* UploadPhotoVC.swift in Sources */,
				2E8145FF2ADB2D0800E89A26 /* UploadCell.swift in Sources */,
				2E66F5562AB7EB1300DDA178 /* InitialHomeViewController.swift in Sources */,
				2EB62A5D2ABA50BF00944875 /* Utilities.swift in Sources */,
				2E66F5582AB7EB7300DDA178 /* SignUpViewController.swift in Sources */,
				2E829CAA2AFB25D300309F55 /* PhotoStruct.swift in Sources */,
				2E5AFF6F2ADCA9F8002749AE /* uploadPhotoClass.swift in Sources */,
				2E8475402AC4FB1B008304DC /* CreateFolderViewController.swift in Sources */,
				2E8184972AC6320F005771C7 /* CorrectFormat.swift in Sources */,
				2E83CF8E2ADB74E50016BB3E /* PhotoDescriptionVC.swift in Sources */,
				2EC9DE112AEDEA54004D2CA4 /* ViewController+Utils.swift in Sources */,
				2E83CF8A2ADB654B0016BB3E /* photoFile.swift in Sources */,
				2EFCC5432AE890500059B14E /* UIResponder+Utils.swift in Sources */,
				2E66F55A2AB7EB8B00DDA178 /* LoginViewController.swift in Sources */,
				2EE4EF8E2AD235C20038BE67 /* TakePhotoVC.swift in Sources */,
				2E66F55C2AB7EBB200DDA178 /* MainHomeViewController.swift in Sources */,
				2E66F5432AB7EAC400DDA178 /* SceneDelegate.swift in Sources */,
				2E88CA9F2AF81AF70032416E /* FolderCell.swift in Sources */,
				2E808FB72ABF357700E9E258 /* Constants.swift in Sources */,
			);
			runOnlyForDeploymentPostprocessing = 0;
		};
/* End PBXSourcesBuildPhase section */

/* Begin PBXVariantGroup section */
		2E66F5462AB7EAC400DDA178 /* Main.storyboard */ = {
			isa = PBXVariantGroup;
			children = (
				2E66F5472AB7EAC400DDA178 /* Base */,
			);
			name = Main.storyboard;
			sourceTree = "<group>";
		};
		2E66F54B2AB7EAC500DDA178 /* LaunchScreen.storyboard */ = {
			isa = PBXVariantGroup;
			children = (
				2E66F54C2AB7EAC500DDA178 /* Base */,
			);
			name = LaunchScreen.storyboard;
			sourceTree = "<group>";
		};
/* End PBXVariantGroup section */

/* Begin XCBuildConfiguration section */
		2E66F54F2AB7EAC500DDA178 /* Debug */ = {
			isa = XCBuildConfiguration;
			buildSettings = {
				ALWAYS_SEARCH_USER_PATHS = NO;
				CLANG_ANALYZER_NONNULL = YES;
				CLANG_ANALYZER_NUMBER_OBJECT_CONVERSION = YES_AGGRESSIVE;
				CLANG_CXX_LANGUAGE_STANDARD = "gnu++20";
				CLANG_ENABLE_MODULES = YES;
				CLANG_ENABLE_OBJC_ARC = YES;
				CLANG_ENABLE_OBJC_WEAK = YES;
				CLANG_WARN_BLOCK_CAPTURE_AUTORELEASING = YES;
				CLANG_WARN_BOOL_CONVERSION = YES;
				CLANG_WARN_COMMA = YES;
				CLANG_WARN_CONSTANT_CONVERSION = YES;
				CLANG_WARN_DEPRECATED_OBJC_IMPLEMENTATIONS = YES;
				CLANG_WARN_DIRECT_OBJC_ISA_USAGE = YES_ERROR;
				CLANG_WARN_DOCUMENTATION_COMMENTS = YES;
				CLANG_WARN_EMPTY_BODY = YES;
				CLANG_WARN_ENUM_CONVERSION = YES;
				CLANG_WARN_INFINITE_RECURSION = YES;
				CLANG_WARN_INT_CONVERSION = YES;
				CLANG_WARN_NON_LITERAL_NULL_CONVERSION = YES;
				CLANG_WARN_OBJC_IMPLICIT_RETAIN_SELF = YES;
				CLANG_WARN_OBJC_LITERAL_CONVERSION = YES;
				CLANG_WARN_OBJC_ROOT_CLASS = YES_ERROR;
				CLANG_WARN_QUOTED_INCLUDE_IN_FRAMEWORK_HEADER = YES;
				CLANG_WARN_RANGE_LOOP_ANALYSIS = YES;
				CLANG_WARN_STRICT_PROTOTYPES = YES;
				CLANG_WARN_SUSPICIOUS_MOVE = YES;
				CLANG_WARN_UNGUARDED_AVAILABILITY = YES_AGGRESSIVE;
				CLANG_WARN_UNREACHABLE_CODE = YES;
				CLANG_WARN__DUPLICATE_METHOD_MATCH = YES;
				COPY_PHASE_STRIP = NO;
				DEBUG_INFORMATION_FORMAT = dwarf;
				ENABLE_STRICT_OBJC_MSGSEND = YES;
				ENABLE_TESTABILITY = YES;
				GCC_C_LANGUAGE_STANDARD = gnu11;
				GCC_DYNAMIC_NO_PIC = NO;
				GCC_NO_COMMON_BLOCKS = YES;
				GCC_OPTIMIZATION_LEVEL = 0;
				GCC_PREPROCESSOR_DEFINITIONS = (
					"DEBUG=1",
					"$(inherited)",
				);
				GCC_WARN_64_TO_32_BIT_CONVERSION = YES;
				GCC_WARN_ABOUT_RETURN_TYPE = YES_ERROR;
				GCC_WARN_UNDECLARED_SELECTOR = YES;
				GCC_WARN_UNINITIALIZED_AUTOS = YES_AGGRESSIVE;
				GCC_WARN_UNUSED_FUNCTION = YES;
				GCC_WARN_UNUSED_VARIABLE = YES;
				IPHONEOS_DEPLOYMENT_TARGET = 16.2;
				MTL_ENABLE_DEBUG_INFO = INCLUDE_SOURCE;
				MTL_FAST_MATH = YES;
				ONLY_ACTIVE_ARCH = YES;
				SDKROOT = iphoneos;
				SWIFT_ACTIVE_COMPILATION_CONDITIONS = DEBUG;
				SWIFT_OPTIMIZATION_LEVEL = "-Onone";
			};
			name = Debug;
		};
		2E66F5502AB7EAC500DDA178 /* Release */ = {
			isa = XCBuildConfiguration;
			buildSettings = {
				ALWAYS_SEARCH_USER_PATHS = NO;
				CLANG_ANALYZER_NONNULL = YES;
				CLANG_ANALYZER_NUMBER_OBJECT_CONVERSION = YES_AGGRESSIVE;
				CLANG_CXX_LANGUAGE_STANDARD = "gnu++20";
				CLANG_ENABLE_MODULES = YES;
				CLANG_ENABLE_OBJC_ARC = YES;
				CLANG_ENABLE_OBJC_WEAK = YES;
				CLANG_WARN_BLOCK_CAPTURE_AUTORELEASING = YES;
				CLANG_WARN_BOOL_CONVERSION = YES;
				CLANG_WARN_COMMA = YES;
				CLANG_WARN_CONSTANT_CONVERSION = YES;
				CLANG_WARN_DEPRECATED_OBJC_IMPLEMENTATIONS = YES;
				CLANG_WARN_DIRECT_OBJC_ISA_USAGE = YES_ERROR;
				CLANG_WARN_DOCUMENTATION_COMMENTS = YES;
				CLANG_WARN_EMPTY_BODY = YES;
				CLANG_WARN_ENUM_CONVERSION = YES;
				CLANG_WARN_INFINITE_RECURSION = YES;
				CLANG_WARN_INT_CONVERSION = YES;
				CLANG_WARN_NON_LITERAL_NULL_CONVERSION = YES;
				CLANG_WARN_OBJC_IMPLICIT_RETAIN_SELF = YES;
				CLANG_WARN_OBJC_LITERAL_CONVERSION = YES;
				CLANG_WARN_OBJC_ROOT_CLASS = YES_ERROR;
				CLANG_WARN_QUOTED_INCLUDE_IN_FRAMEWORK_HEADER = YES;
				CLANG_WARN_RANGE_LOOP_ANALYSIS = YES;
				CLANG_WARN_STRICT_PROTOTYPES = YES;
				CLANG_WARN_SUSPICIOUS_MOVE = YES;
				CLANG_WARN_UNGUARDED_AVAILABILITY = YES_AGGRESSIVE;
				CLANG_WARN_UNREACHABLE_CODE = YES;
				CLANG_WARN__DUPLICATE_METHOD_MATCH = YES;
				COPY_PHASE_STRIP = NO;
				DEBUG_INFORMATION_FORMAT = "dwarf-with-dsym";
				ENABLE_NS_ASSERTIONS = NO;
				ENABLE_STRICT_OBJC_MSGSEND = YES;
				GCC_C_LANGUAGE_STANDARD = gnu11;
				GCC_NO_COMMON_BLOCKS = YES;
				GCC_WARN_64_TO_32_BIT_CONVERSION = YES;
				GCC_WARN_ABOUT_RETURN_TYPE = YES_ERROR;
				GCC_WARN_UNDECLARED_SELECTOR = YES;
				GCC_WARN_UNINITIALIZED_AUTOS = YES_AGGRESSIVE;
				GCC_WARN_UNUSED_FUNCTION = YES;
				GCC_WARN_UNUSED_VARIABLE = YES;
				IPHONEOS_DEPLOYMENT_TARGET = 16.2;
				MTL_ENABLE_DEBUG_INFO = NO;
				MTL_FAST_MATH = YES;
				SDKROOT = iphoneos;
				SWIFT_COMPILATION_MODE = wholemodule;
				SWIFT_OPTIMIZATION_LEVEL = "-O";
				VALIDATE_PRODUCT = YES;
			};
			name = Release;
		};
		2E66F5522AB7EAC500DDA178 /* Debug */ = {
			isa = XCBuildConfiguration;
			buildSettings = {
				ASSETCATALOG_COMPILER_APPICON_NAME = AppIcon;
				ASSETCATALOG_COMPILER_GLOBAL_ACCENT_COLOR_NAME = AccentColor;
				CODE_SIGN_STYLE = Automatic;
				CURRENT_PROJECT_VERSION = 1;
				DEVELOPMENT_TEAM = QN3U6266NZ;
				GENERATE_INFOPLIST_FILE = YES;
				INFOPLIST_FILE = PhotoStoreHouseV1/Info.plist;
				INFOPLIST_KEY_NSCameraUsageDescription = "Please allow to take photo.";
				INFOPLIST_KEY_UIApplicationSupportsIndirectInputEvents = YES;
				INFOPLIST_KEY_UILaunchStoryboardName = LaunchScreen;
				INFOPLIST_KEY_UIMainStoryboardFile = Main;
				INFOPLIST_KEY_UISupportedInterfaceOrientations = "UIInterfaceOrientationLandscapeLeft UIInterfaceOrientationLandscapeRight UIInterfaceOrientationPortrait";
				INFOPLIST_KEY_UISupportedInterfaceOrientations_iPad = "UIInterfaceOrientationLandscapeLeft UIInterfaceOrientationLandscapeRight UIInterfaceOrientationPortrait UIInterfaceOrientationPortraitUpsideDown";
				IPHONEOS_DEPLOYMENT_TARGET = 16.0;
				LD_RUNPATH_SEARCH_PATHS = (
					"$(inherited)",
					"@executable_path/Frameworks",
				);
				MARKETING_VERSION = 1.0;
				PRODUCT_BUNDLE_IDENTIFIER = com.enrdev.PhotoStoreHouseV1;
				PRODUCT_NAME = "$(TARGET_NAME)";
				SWIFT_EMIT_LOC_STRINGS = YES;
				SWIFT_VERSION = 5.0;
				TARGETED_DEVICE_FAMILY = "1,2";
			};
			name = Debug;
		};
		2E66F5532AB7EAC500DDA178 /* Release */ = {
			isa = XCBuildConfiguration;
			buildSettings = {
				ASSETCATALOG_COMPILER_APPICON_NAME = AppIcon;
				ASSETCATALOG_COMPILER_GLOBAL_ACCENT_COLOR_NAME = AccentColor;
				CODE_SIGN_STYLE = Automatic;
				CURRENT_PROJECT_VERSION = 1;
				DEVELOPMENT_TEAM = QN3U6266NZ;
				GENERATE_INFOPLIST_FILE = YES;
				INFOPLIST_FILE = PhotoStoreHouseV1/Info.plist;
				INFOPLIST_KEY_NSCameraUsageDescription = "Please allow to take photo.";
				INFOPLIST_KEY_UIApplicationSupportsIndirectInputEvents = YES;
				INFOPLIST_KEY_UILaunchStoryboardName = LaunchScreen;
				INFOPLIST_KEY_UIMainStoryboardFile = Main;
				INFOPLIST_KEY_UISupportedInterfaceOrientations = "UIInterfaceOrientationLandscapeLeft UIInterfaceOrientationLandscapeRight UIInterfaceOrientationPortrait";
				INFOPLIST_KEY_UISupportedInterfaceOrientations_iPad = "UIInterfaceOrientationLandscapeLeft UIInterfaceOrientationLandscapeRight UIInterfaceOrientationPortrait UIInterfaceOrientationPortraitUpsideDown";
				IPHONEOS_DEPLOYMENT_TARGET = 16.0;
				LD_RUNPATH_SEARCH_PATHS = (
					"$(inherited)",
					"@executable_path/Frameworks",
				);
				MARKETING_VERSION = 1.0;
				PRODUCT_BUNDLE_IDENTIFIER = com.enrdev.PhotoStoreHouseV1;
				PRODUCT_NAME = "$(TARGET_NAME)";
				SWIFT_EMIT_LOC_STRINGS = YES;
				SWIFT_VERSION = 5.0;
				TARGETED_DEVICE_FAMILY = "1,2";
			};
			name = Release;
		};
/* End XCBuildConfiguration section */

/* Begin XCConfigurationList section */
		2E66F5382AB7EAC400DDA178 /* Build configuration list for PBXProject "PhotoStoreHouseV1" */ = {
			isa = XCConfigurationList;
			buildConfigurations = (
				2E66F54F2AB7EAC500DDA178 /* Debug */,
				2E66F5502AB7EAC500DDA178 /* Release */,
			);
			defaultConfigurationIsVisible = 0;
			defaultConfigurationName = Release;
		};
		2E66F5512AB7EAC500DDA178 /* Build configuration list for PBXNativeTarget "PhotoStoreHouseV1" */ = {
			isa = XCConfigurationList;
			buildConfigurations = (
				2E66F5522AB7EAC500DDA178 /* Debug */,
				2E66F5532AB7EAC500DDA178 /* Release */,
			);
			defaultConfigurationIsVisible = 0;
			defaultConfigurationName = Release;
		};
/* End XCConfigurationList section */

/* Begin XCRemoteSwiftPackageReference section */
		2ED6E5F32ABBC8DE00A538B1 /* XCRemoteSwiftPackageReference "firebase-ios-sdk" */ = {
			isa = XCRemoteSwiftPackageReference;
			repositoryURL = "https://github.com/firebase/firebase-ios-sdk";
			requirement = {
				branch = master;
				kind = branch;
			};
		};
/* End XCRemoteSwiftPackageReference section */

/* Begin XCSwiftPackageProductDependency section */
		2ED6E5F42ABBC8DE00A538B1 /* FirebaseAuth */ = {
			isa = XCSwiftPackageProductDependency;
			package = 2ED6E5F32ABBC8DE00A538B1 /* XCRemoteSwiftPackageReference "firebase-ios-sdk" */;
			productName = FirebaseAuth;
		};
		2ED6E5F62ABBC8DE00A538B1 /* FirebaseDatabase */ = {
			isa = XCSwiftPackageProductDependency;
			package = 2ED6E5F32ABBC8DE00A538B1 /* XCRemoteSwiftPackageReference "firebase-ios-sdk" */;
			productName = FirebaseDatabase;
		};
		2ED6E5F82ABBC8DE00A538B1 /* FirebaseFirestore */ = {
			isa = XCSwiftPackageProductDependency;
			package = 2ED6E5F32ABBC8DE00A538B1 /* XCRemoteSwiftPackageReference "firebase-ios-sdk" */;
			productName = FirebaseFirestore;
		};
		2ED6E5FA2ABBC8DE00A538B1 /* FirebaseFunctions */ = {
			isa = XCSwiftPackageProductDependency;
			package = 2ED6E5F32ABBC8DE00A538B1 /* XCRemoteSwiftPackageReference "firebase-ios-sdk" */;
			productName = FirebaseFunctions;
		};
		2ED6E5FC2ABBC8DE00A538B1 /* FirebaseStorage */ = {
			isa = XCSwiftPackageProductDependency;
			package = 2ED6E5F32ABBC8DE00A538B1 /* XCRemoteSwiftPackageReference "firebase-ios-sdk" */;
			productName = FirebaseStorage;
		};
/* End XCSwiftPackageProductDependency section */
	};
	rootObject = 2E66F5352AB7EAC400DDA178 /* Project object */;
}
